
Microsoft Visual Studio Solution File, Format Version 12.00
# Visual Studio 15
VisualStudioVersion = 15.0.27703.2026
MinimumVisualStudioVersion = 10.0.40219.1
Project("{FAE04EC0-301F-11D3-BF4B-00C04F79EFBC}") = "App.WebApi", "App.WebApi\App.WebApi.csproj", "{BAE2642C-65E4-4C1B-9F7D-0DF05623423A}"
EndProject
Project("{FAE04EC0-301F-11D3-BF4B-00C04F79EFBC}") = "App.ServiceLibrary", "App.ServiceLibrary\App.ServiceLibrary.csproj", "{6C5BEF97-A24D-4844-930F-8F0C351819CA}"
EndProject
Global
	GlobalSection(SolutionConfigurationPlatforms) = preSolution
		Debug|Any CPU = Debug|Any CPU
		Release|Any CPU = Release|Any CPU
	EndGlobalSection
	GlobalSection(ProjectConfigurationPlatforms) = postSolution
		{BAE2642C-65E4-4C1B-9F7D-0DF05623423A}.Debug|Any CPU.ActiveCfg = Debug|Any CPU
		{BAE2642C-65E4-4C1B-9F7D-0DF05623423A}.Debug|Any CPU.Build.0 = Debug|Any CPU
		{BAE2642C-65E4-4C1B-9F7D-0DF05623423A}.Release|Any CPU.ActiveCfg = Release|Any CPU
		{BAE2642C-65E4-4C1B-9F7D-0DF05623423A}.Release|Any CPU.Build.0 = Release|Any CPU
		{6C5BEF97-A24D-4844-930F-8F0C351819CA}.Debug|Any CPU.ActiveCfg = Debug|Any CPU
		{6C5BEF97-A24D-4844-930F-8F0C351819CA}.Debug|Any CPU.Build.0 = Debug|Any CPU
		{6C5BEF97-A24D-4844-930F-8F0C351819CA}.Release|Any CPU.ActiveCfg = Release|Any CPU
		{6C5BEF97-A24D-4844-930F-8F0C351819CA}.Release|Any CPU.Build.0 = Release|Any CPU
	EndGlobalSection
	GlobalSection(SolutionProperties) = preSolution
		HideSolutionNode = FALSE
	EndGlobalSection
	GlobalSection(ExtensibilityGlobals) = postSolution
		SolutionGuid = {FE31FBE7-6C28-4528-BE05-6598F7B984A4}
	EndGlobalSection
EndGlobal
